{
  "name": "shop",
  "lockfileVersion": 3,
  "requires": true,
  "packages": {
    "": {
      "name": "shop",
      "devDependencies": {
        "@cloudflare/workers-types": "^5.20260829.1",
        "typescript": "^5.9.2"
      }
    },
    "node_modules/@cloudflare/workers-types": {
      "version": "5.20260829.1",
      "resolved": "https://registry.npmjs.org/@cloudflare/workers-types/-/workers-types-5.20260829.1.tgz",
      "integrity": "sha512-SsH4G9+JePvrBmz+b5Dl67LQ9w2/ycoIpAPcAkfg2aEs2SEisQHk7/AY0TymSXEBbDbWgcBqoLe4hNcuY3CxWA==",
      "dev": true,
      "license": "MIT OR Apache-2.0"
    },
    "node_modules/typescript": {
      "version": "5.9.3",
      "resolved": "https://registry.npmjs.org/typescript/-/typescript-5.9.3.tgz",
      "integrity": "sha512-jl1vZzPDinLr9eUt3J/t7V6FgNEw9QjvBPdysz9KfQDD41fQrC2Y4vKQdiaUpFT4bXlb1RHhLpp8wtm6M5TgSw==",
      "dev": true,
      "license": "Apache-2.0",
      "bin": {
        "tsc": "bin/tsc",
        "tsserver": "bin/tsserver"
      },
      "engines": {
        "node": ">=14.17"
      }
    }
  }
}
